
Microsoft Visual Studio Solution File, Format Version 12.00
# Visual Studio Version 16
VisualStudioVersion = 16.0.30225.117
MinimumVisualStudioVersion = 10.0.40219.1
Project("{FAE04EC0-301F-11D3-BF4B-00C04F79EFBC}") = "HelloCS", "HelloCS\HelloCS.csproj", "{602C3ACD-9379-4CA5-9B53-75C2E890C637}"
EndProject
Global
	GlobalSection(SolutionConfigurationPlatforms) = preSolution
		Debug|Any CPU = Debug|Any CPU
		Release|Any CPU = Release|Any CPU
	EndGlobalSection
	GlobalSection(ProjectConfigurationPlatforms) = postSolution
		{602C3ACD-9379-4CA5-9B53-75C2E890C637}.Debug|Any CPU.ActiveCfg = Debug|Any CPU
		{602C3ACD-9379-4CA5-9B53-75C2E890C637}.Debug|Any CPU.Build.0 = Debug|Any CPU
		{602C3ACD-9379-4CA5-9B53-75C2E890C637}.Release|Any CPU.ActiveCfg = Release|Any CPU
		{602C3ACD-9379-4CA5-9B53-75C2E890C637}.Release|Any CPU.Build.0 = Release|Any CPU
	EndGlobalSection
	GlobalSection(SolutionProperties) = preSolution
		HideSolutionNode = FALSE
	EndGlobalSection
	GlobalSection(ExtensibilityGlobals) = postSolution
		SolutionGuid = {828DA860-0543-4B14-ABF0-735335F5A06F}
	EndGlobalSection
EndGlobal
