
Microsoft Visual Studio Solution File, Format Version 12.00
# Visual Studio Version 16
VisualStudioVersion = 16.0.30225.117
MinimumVisualStudioVersion = 10.0.40219.1
Project("{FAE04EC0-301F-11D3-BF4B-00C04F79EFBC}") = "Numbers", "Numbers\Numbers.csproj", "{BFDCFB39-8050-47F2-BFED-730E1363AC54}"
EndProject
Global
	GlobalSection(SolutionConfigurationPlatforms) = preSolution
		Debug|Any CPU = Debug|Any CPU
		Release|Any CPU = Release|Any CPU
	EndGlobalSection
	GlobalSection(ProjectConfigurationPlatforms) = postSolution
		{BFDCFB39-8050-47F2-BFED-730E1363AC54}.Debug|Any CPU.ActiveCfg = Debug|Any CPU
		{BFDCFB39-8050-47F2-BFED-730E1363AC54}.Debug|Any CPU.Build.0 = Debug|Any CPU
		{BFDCFB39-8050-47F2-BFED-730E1363AC54}.Release|Any CPU.ActiveCfg = Release|Any CPU
		{BFDCFB39-8050-47F2-BFED-730E1363AC54}.Release|Any CPU.Build.0 = Release|Any CPU
	EndGlobalSection
	GlobalSection(SolutionProperties) = preSolution
		HideSolutionNode = FALSE
	EndGlobalSection
	GlobalSection(ExtensibilityGlobals) = postSolution
		SolutionGuid = {E2DBC6C7-B67B-45EC-B43B-19F18E70D6D6}
	EndGlobalSection
EndGlobal
